
Microsoft Visual Studio Solution File, Format Version 12.00
# Visual Studio 15
VisualStudioVersion = 15.0.26730.8
MinimumVisualStudioVersion = 10.0.40219.1
Project("{2150E333-8FDC-42A3-9474-1A3956D46DE8}") = "src", "src", "{CC53CCE3-238A-43B8-B1C1-49068E4CFF87}"
EndProject
Project("{2150E333-8FDC-42A3-9474-1A3956D46DE8}") = "Solution Items", "Solution Items", "{EA113A80-72C4-4F51-8708-9AAA6597E06A}"
EndProject
Project("{9A19103F-16F7-4668-BE54-9A1E7A4F7556}") = "TestInvoke", "src\TestInvoke\TestInvoke.csproj", "{2D0D1D77-A5B8-4F2B-B526-D3B8EE7048AC}"
EndProject
Project("{2150E333-8FDC-42A3-9474-1A3956D46DE8}") = "tests", "tests", "{7DA224A2-9CA2-44A8-9D8C-53C8BCF2580A}"
EndProject
Project("{9A19103F-16F7-4668-BE54-9A1E7A4F7556}") = "Lykke.RabbitMqBroker.Tests", "tests\Lykke.RabbitMqBroker.Tests\Lykke.RabbitMqBroker.Tests.csproj", "{FC96342D-3EA6-44D2-A62C-06019661FC54}"
EndProject
Project("{FAE04EC0-301F-11D3-BF4B-00C04F79EFBC}") = "Lykke.RabbitMqBroker", "src\Lykke.RabbitMqBroker\Lykke.RabbitMqBroker.csproj", "{064E44E7-1F1D-41C7-AA2B-21D9A528B30C}"
EndProject
Global
	GlobalSection(SolutionConfigurationPlatforms) = preSolution
		Debug|Any CPU = Debug|Any CPU
		Release|Any CPU = Release|Any CPU
	EndGlobalSection
	GlobalSection(ProjectConfigurationPlatforms) = postSolution
		{2D0D1D77-A5B8-4F2B-B526-D3B8EE7048AC}.Debug|Any CPU.ActiveCfg = Debug|Any CPU
		{2D0D1D77-A5B8-4F2B-B526-D3B8EE7048AC}.Debug|Any CPU.Build.0 = Debug|Any CPU
		{2D0D1D77-A5B8-4F2B-B526-D3B8EE7048AC}.Release|Any CPU.ActiveCfg = Release|Any CPU
		{2D0D1D77-A5B8-4F2B-B526-D3B8EE7048AC}.Release|Any CPU.Build.0 = Release|Any CPU
		{FC96342D-3EA6-44D2-A62C-06019661FC54}.Debug|Any CPU.ActiveCfg = Debug|Any CPU
		{FC96342D-3EA6-44D2-A62C-06019661FC54}.Debug|Any CPU.Build.0 = Debug|Any CPU
		{FC96342D-3EA6-44D2-A62C-06019661FC54}.Release|Any CPU.ActiveCfg = Release|Any CPU
		{FC96342D-3EA6-44D2-A62C-06019661FC54}.Release|Any CPU.Build.0 = Release|Any CPU
		{064E44E7-1F1D-41C7-AA2B-21D9A528B30C}.Debug|Any CPU.ActiveCfg = Debug|Any CPU
		{064E44E7-1F1D-41C7-AA2B-21D9A528B30C}.Debug|Any CPU.Build.0 = Debug|Any CPU
		{064E44E7-1F1D-41C7-AA2B-21D9A528B30C}.Release|Any CPU.ActiveCfg = Release|Any CPU
		{064E44E7-1F1D-41C7-AA2B-21D9A528B30C}.Release|Any CPU.Build.0 = Release|Any CPU
	EndGlobalSection
	GlobalSection(SolutionProperties) = preSolution
		HideSolutionNode = FALSE
	EndGlobalSection
	GlobalSection(NestedProjects) = preSolution
		{2D0D1D77-A5B8-4F2B-B526-D3B8EE7048AC} = {CC53CCE3-238A-43B8-B1C1-49068E4CFF87}
		{FC96342D-3EA6-44D2-A62C-06019661FC54} = {7DA224A2-9CA2-44A8-9D8C-53C8BCF2580A}
		{064E44E7-1F1D-41C7-AA2B-21D9A528B30C} = {CC53CCE3-238A-43B8-B1C1-49068E4CFF87}
	EndGlobalSection
	GlobalSection(ExtensibilityGlobals) = postSolution
		SolutionGuid = {050A064F-4C1E-4C94-88FF-5DD3BD0AAABA}
	EndGlobalSection
EndGlobal
